
Microsoft Visual Studio Solution File, Format Version 12.00
# Visual Studio 2012
Project("{FAE04EC0-301F-11D3-BF4B-00C04F79EFBC}") = "Practical_4B", "Practical_4B\Practical_4B.csproj", "{494BF805-54A4-41DD-B45E-58997B9DF3BA}"
EndProject
Global
	GlobalSection(SolutionConfigurationPlatforms) = preSolution
		Debug|Any CPU = Debug|Any CPU
		Release|Any CPU = Release|Any CPU
	EndGlobalSection
	GlobalSection(ProjectConfigurationPlatforms) = postSolution
		{494BF805-54A4-41DD-B45E-58997B9DF3BA}.Debug|Any CPU.ActiveCfg = Debug|Any CPU
		{494BF805-54A4-41DD-B45E-58997B9DF3BA}.Debug|Any CPU.Build.0 = Debug|Any CPU
		{494BF805-54A4-41DD-B45E-58997B9DF3BA}.Release|Any CPU.ActiveCfg = Release|Any CPU
		{494BF805-54A4-41DD-B45E-58997B9DF3BA}.Release|Any CPU.Build.0 = Release|Any CPU
	EndGlobalSection
	GlobalSection(SolutionProperties) = preSolution
		HideSolutionNode = FALSE
	EndGlobalSection
EndGlobal
