
Microsoft Visual Studio Solution File, Format Version 12.00
# Visual Studio 2012
Project("{FAE04EC0-301F-11D3-BF4B-00C04F79EFBC}") = "Practical_4A", "Practical_4A\Practical_4A.csproj", "{B3D617C4-4C0E-474D-8850-5C975B6F7136}"
EndProject
Global
	GlobalSection(SolutionConfigurationPlatforms) = preSolution
		Debug|Any CPU = Debug|Any CPU
		Release|Any CPU = Release|Any CPU
	EndGlobalSection
	GlobalSection(ProjectConfigurationPlatforms) = postSolution
		{B3D617C4-4C0E-474D-8850-5C975B6F7136}.Debug|Any CPU.ActiveCfg = Debug|Any CPU
		{B3D617C4-4C0E-474D-8850-5C975B6F7136}.Debug|Any CPU.Build.0 = Debug|Any CPU
		{B3D617C4-4C0E-474D-8850-5C975B6F7136}.Release|Any CPU.ActiveCfg = Release|Any CPU
		{B3D617C4-4C0E-474D-8850-5C975B6F7136}.Release|Any CPU.Build.0 = Release|Any CPU
	EndGlobalSection
	GlobalSection(SolutionProperties) = preSolution
		HideSolutionNode = FALSE
	EndGlobalSection
EndGlobal
